
Microsoft Visual Studio Solution File, Format Version 12.00
# Visual Studio Version 17
VisualStudioVersion = 17.10.35013.160
MinimumVisualStudioVersion = 10.0.40219.1
Project("{FAE04EC0-301F-11D3-BF4B-00C04F79EFBC}") = "Question 1", "Question 1.csproj", "{7B30C21C-0C1B-4526-97BF-353AC321E683}"
EndProject
Global
	GlobalSection(SolutionConfigurationPlatforms) = preSolution
		Debug|Any CPU = Debug|Any CPU
		Release|Any CPU = Release|Any CPU
	EndGlobalSection
	GlobalSection(ProjectConfigurationPlatforms) = postSolution
		{7B30C21C-0C1B-4526-97BF-353AC321E683}.Debug|Any CPU.ActiveCfg = Debug|Any CPU
		{7B30C21C-0C1B-4526-97BF-353AC321E683}.Debug|Any CPU.Build.0 = Debug|Any CPU
		{7B30C21C-0C1B-4526-97BF-353AC321E683}.Release|Any CPU.ActiveCfg = Release|Any CPU
		{7B30C21C-0C1B-4526-97BF-353AC321E683}.Release|Any CPU.Build.0 = Release|Any CPU
	EndGlobalSection
	GlobalSection(SolutionProperties) = preSolution
		HideSolutionNode = FALSE
	EndGlobalSection
	GlobalSection(ExtensibilityGlobals) = postSolution
		SolutionGuid = {2379B5C2-FE5D-440D-B25D-58EDC4A7277D}
	EndGlobalSection
EndGlobal
